// !$*UTF8*$!
{
	archiveVersion = 1;
	classes = {
	};
	objectVersion = 77;
	objects = {

/* Begin PBXBuildFile section */
		3ADD46242F5C6AB800ABBED1 /* Markdown in Frameworks */ = {isa = PBXBuildFile; productRef = 3ADD45A02F5C700000ABBED1 /* Markdown */; };
		AAAA000000000000AAAA0008 /* Markdown in Frameworks */ = {isa = PBXBuildFile; productRef = AAAA000000000000AAAA0009 /* Markdown */; };
		BBBB000000000000BBBB0008 /* Markdown in Frameworks */ = {isa = PBXBuildFile; productRef = BBBB000000000000BBBB0009 /* Markdown */; };
		AAAA000000000000AAAA0016 /* md-tool-quicklook.appex in Embed Foundation Extensions */ = {isa = PBXBuildFile; fileRef = AAAA000000000000AAAA0001 /* md-tool-quicklook.appex */; settings = {ATTRIBUTES = (RemoveHeadersOnCopy, ); }; };
		BBBB000000000000BBBB0016 /* md-tool-share.appex in Embed Foundation Extensions */ = {isa = PBXBuildFile; fileRef = BBBB000000000000BBBB0001 /* md-tool-share.appex */; settings = {ATTRIBUTES = (RemoveHeadersOnCopy, ); }; };
/* End PBXBuildFile section */

/* Begin PBXContainerItemProxy section */
		3ADD45792F5C655F00ABBED1 /* PBXContainerItemProxy */ = {
			isa = PBXContainerItemProxy;
			containerPortal = 3ADD45632F5C655E00ABBED1 /* Project object */;
			proxyType = 1;
			remoteGlobalIDString = 3ADD456A2F5C655E00ABBED1;
			remoteInfo = "md-tool";
		};
		3ADD45832F5C655F00ABBED1 /* PBXContainerItemProxy */ = {
			isa = PBXContainerItemProxy;
			containerPortal = 3ADD45632F5C655E00ABBED1 /* Project object */;
			proxyType = 1;
			remoteGlobalIDString = 3ADD456A2F5C655E00ABBED1;
			remoteInfo = "md-tool";
		};
		AAAA000000000000AAAA000D /* PBXContainerItemProxy */ = {
			isa = PBXContainerItemProxy;
			containerPortal = 3ADD45632F5C655E00ABBED1 /* Project object */;
			proxyType = 1;
			remoteGlobalIDString = AAAA000000000000AAAA0007;
			remoteInfo = "md-tool-quicklook";
		};
		BBBB000000000000BBBB000D /* PBXContainerItemProxy */ = {
			isa = PBXContainerItemProxy;
			containerPortal = 3ADD45632F5C655E00ABBED1 /* Project object */;
			proxyType = 1;
			remoteGlobalIDString = BBBB000000000000BBBB0007;
			remoteInfo = "md-tool-share";
		};
/* End PBXContainerItemProxy section */

/* Begin PBXCopyFilesBuildPhase section */
		AAAA000000000000AAAA000F /* Embed Foundation Extensions */ = {
			isa = PBXCopyFilesBuildPhase;
			buildActionMask = 2147483647;
			dstPath = "";
			dstSubfolderSpec = 13;
			files = (
				AAAA000000000000AAAA0016 /* md-tool-quicklook.appex in Embed Foundation Extensions */,
				BBBB000000000000BBBB0016 /* md-tool-share.appex in Embed Foundation Extensions */,
			);
			name = "Embed Foundation Extensions";
			runOnlyForDeploymentPostprocessing = 0;
		};
/* End PBXCopyFilesBuildPhase section */

/* Begin PBXFileReference section */
		3ADD456B2F5C655E00ABBED1 /* md-tool.app */ = {isa = PBXFileReference; explicitFileType = wrapper.application; includeInIndex = 0; path = "md-tool.app"; sourceTree = BUILT_PRODUCTS_DIR; };
		3ADD45782F5C655F00ABBED1 /* md-toolTests.xctest */ = {isa = PBXFileReference; explicitFileType = wrapper.cfbundle; includeInIndex = 0; path = "md-toolTests.xctest"; sourceTree = BUILT_PRODUCTS_DIR; };
		3ADD45822F5C655F00ABBED1 /* md-toolUITests.xctest */ = {isa = PBXFileReference; explicitFileType = wrapper.cfbundle; includeInIndex = 0; path = "md-toolUITests.xctest"; sourceTree = BUILT_PRODUCTS_DIR; };
		AAAA000000000000AAAA0001 /* md-tool-quicklook.appex */ = {isa = PBXFileReference; explicitFileType = "wrapper.app-extension"; includeInIndex = 0; path = "md-tool-quicklook.appex"; sourceTree = BUILT_PRODUCTS_DIR; };
		BBBB000000000000BBBB0001 /* md-tool-share.appex */ = {isa = PBXFileReference; explicitFileType = "wrapper.app-extension"; includeInIndex = 0; path = "md-tool-share.appex"; sourceTree = BUILT_PRODUCTS_DIR; };
/* End PBXFileReference section */

/* Begin PBXFileSystemSynchronizedBuildFileExceptionSet section */
		3ADD46FF2F5C900000ABBED1 /* Exceptions for "md-tool" folder in "md-tool" target */ = {
			isa = PBXFileSystemSynchronizedBuildFileExceptionSet;
			membershipExceptions = (
				Info.plist,
			);
			target = 3ADD456A2F5C655E00ABBED1 /* md-tool */;
		};
		AAAA000000000000AAAA0003 /* Exceptions for "md-tool-quicklook" folder in "md-tool-quicklook" target */ = {
			isa = PBXFileSystemSynchronizedBuildFileExceptionSet;
			membershipExceptions = (
				Info.plist,
			);
			target = AAAA000000000000AAAA0007 /* md-tool-quicklook */;
		};
		BBBB000000000000BBBB0003 /* Exceptions for "md-tool-share" folder in "md-tool-share" target */ = {
			isa = PBXFileSystemSynchronizedBuildFileExceptionSet;
			membershipExceptions = (
				Info.plist,
			);
			target = BBBB000000000000BBBB0007 /* md-tool-share */;
		};
/* End PBXFileSystemSynchronizedBuildFileExceptionSet section */

/* Begin PBXFileSystemSynchronizedRootGroup section */
		3ADD456D2F5C655E00ABBED1 /* md-tool */ = {
			isa = PBXFileSystemSynchronizedRootGroup;
			exceptions = (
				3ADD46FF2F5C900000ABBED1 /* Exceptions for "md-tool" folder in "md-tool" target */,
			);
			path = "md-tool";
			sourceTree = "<group>";
		};
		3ADD457B2F5C655F00ABBED1 /* md-toolTests */ = {
			isa = PBXFileSystemSynchronizedRootGroup;
			path = "md-toolTests";
			sourceTree = "<group>";
		};
		3ADD45852F5C655F00ABBED1 /* md-toolUITests */ = {
			isa = PBXFileSystemSynchronizedRootGroup;
			path = "md-toolUITests";
			sourceTree = "<group>";
		};
		AAAA000000000000AAAA0002 /* md-tool-quicklook */ = {
			isa = PBXFileSystemSynchronizedRootGroup;
			exceptions = (
				AAAA000000000000AAAA0003 /* Exceptions for "md-tool-quicklook" folder in "md-tool-quicklook" target */,
			);
			path = "md-tool-quicklook";
			sourceTree = "<group>";
		};
		BBBB000000000000BBBB0002 /* md-tool-share */ = {
			isa = PBXFileSystemSynchronizedRootGroup;
			exceptions = (
				BBBB000000000000BBBB0003 /* Exceptions for "md-tool-share" folder in "md-tool-share" target */,
			);
			path = "md-tool-share";
			sourceTree = "<group>";
		};
/* End PBXFileSystemSynchronizedRootGroup section */

/* Begin PBXFrameworksBuildPhase section */
		3ADD45682F5C655E00ABBED1 /* Frameworks */ = {
			isa = PBXFrameworksBuildPhase;
			buildActionMask = 2147483647;
			files = (
				3ADD46242F5C6AB800ABBED1 /* Markdown in Frameworks */,
			);
			runOnlyForDeploymentPostprocessing = 0;
		};
		3ADD45752F5C655F00ABBED1 /* Frameworks */ = {
			isa = PBXFrameworksBuildPhase;
			buildActionMask = 2147483647;
			files = (
			);
			runOnlyForDeploymentPostprocessing = 0;
		};
		3ADD457F2F5C655F00ABBED1 /* Frameworks */ = {
			isa = PBXFrameworksBuildPhase;
			buildActionMask = 2147483647;
			files = (
			);
			runOnlyForDeploymentPostprocessing = 0;
		};
		AAAA000000000000AAAA0004 /* Frameworks */ = {
			isa = PBXFrameworksBuildPhase;
			buildActionMask = 2147483647;
			files = (
				AAAA000000000000AAAA0008 /* Markdown in Frameworks */,
			);
			runOnlyForDeploymentPostprocessing = 0;
		};
		BBBB000000000000BBBB0004 /* Frameworks */ = {
			isa = PBXFrameworksBuildPhase;
			buildActionMask = 2147483647;
			files = (
				BBBB000000000000BBBB0008 /* Markdown in Frameworks */,
			);
			runOnlyForDeploymentPostprocessing = 0;
		};
/* End PBXFrameworksBuildPhase section */

/* Begin PBXGroup section */
		3ADD45622F5C655E00ABBED1 = {
			isa = PBXGroup;
			children = (
				3ADD456D2F5C655E00ABBED1 /* md-tool */,
				3ADD457B2F5C655F00ABBED1 /* md-toolTests */,
				3ADD45852F5C655F00ABBED1 /* md-toolUITests */,
				AAAA000000000000AAAA0002 /* md-tool-quicklook */,
				BBBB000000000000BBBB0002 /* md-tool-share */,
				3ADD456C2F5C655E00ABBED1 /* Products */,
			);
			sourceTree = "<group>";
		};
		3ADD456C2F5C655E00ABBED1 /* Products */ = {
			isa = PBXGroup;
			children = (
				3ADD456B2F5C655E00ABBED1 /* md-tool.app */,
				3ADD45782F5C655F00ABBED1 /* md-toolTests.xctest */,
				3ADD45822F5C655F00ABBED1 /* md-toolUITests.xctest */,
				AAAA000000000000AAAA0001 /* md-tool-quicklook.appex */,
				BBBB000000000000BBBB0001 /* md-tool-share.appex */,
			);
			name = Products;
			sourceTree = "<group>";
		};
/* End PBXGroup section */

/* Begin PBXNativeTarget section */
		3ADD456A2F5C655E00ABBED1 /* md-tool */ = {
			isa = PBXNativeTarget;
			buildConfigurationList = 3ADD458C2F5C655F00ABBED1 /* Build configuration list for PBXNativeTarget "md-tool" */;
			buildPhases = (
				3ADD45672F5C655E00ABBED1 /* Sources */,
				3ADD45682F5C655E00ABBED1 /* Frameworks */,
				3ADD45692F5C655E00ABBED1 /* Resources */,
				AAAA000000000000AAAA000F /* Embed Foundation Extensions */,
			);
			buildRules = (
			);
			dependencies = (
				AAAA000000000000AAAA000E /* PBXTargetDependency */,
				BBBB000000000000BBBB000E /* PBXTargetDependency */,
			);
			fileSystemSynchronizedGroups = (
				3ADD456D2F5C655E00ABBED1 /* md-tool */,
			);
			name = "md-tool";
			packageProductDependencies = (
				3ADD45A02F5C700000ABBED1 /* Markdown */,
			);
			productName = "md-tool";
			productReference = 3ADD456B2F5C655E00ABBED1 /* md-tool.app */;
			productType = "com.apple.product-type.application";
		};
		3ADD45772F5C655F00ABBED1 /* md-toolTests */ = {
			isa = PBXNativeTarget;
			buildConfigurationList = 3ADD458F2F5C655F00ABBED1 /* Build configuration list for PBXNativeTarget "md-toolTests" */;
			buildPhases = (
				3ADD45742F5C655F00ABBED1 /* Sources */,
				3ADD45752F5C655F00ABBED1 /* Frameworks */,
				3ADD45762F5C655F00ABBED1 /* Resources */,
			);
			buildRules = (
			);
			dependencies = (
				3ADD457A2F5C655F00ABBED1 /* PBXTargetDependency */,
			);
			fileSystemSynchronizedGroups = (
				3ADD457B2F5C655F00ABBED1 /* md-toolTests */,
			);
			name = "md-toolTests";
			packageProductDependencies = (
			);
			productName = "md-toolTests";
			productReference = 3ADD45782F5C655F00ABBED1 /* md-toolTests.xctest */;
			productType = "com.apple.product-type.bundle.unit-test";
		};
		3ADD45812F5C655F00ABBED1 /* md-toolUITests */ = {
			isa = PBXNativeTarget;
			buildConfigurationList = 3ADD45922F5C655F00ABBED1 /* Build configuration list for PBXNativeTarget "md-toolUITests" */;
			buildPhases = (
				3ADD457E2F5C655F00ABBED1 /* Sources */,
				3ADD457F2F5C655F00ABBED1 /* Frameworks */,
				3ADD45802F5C655F00ABBED1 /* Resources */,
			);
			buildRules = (
			);
			dependencies = (
				3ADD45842F5C655F00ABBED1 /* PBXTargetDependency */,
			);
			fileSystemSynchronizedGroups = (
				3ADD45852F5C655F00ABBED1 /* md-toolUITests */,
			);
			name = "md-toolUITests";
			packageProductDependencies = (
			);
			productName = "md-toolUITests";
			productReference = 3ADD45822F5C655F00ABBED1 /* md-toolUITests.xctest */;
			productType = "com.apple.product-type.bundle.ui-testing";
		};
		AAAA000000000000AAAA0007 /* md-tool-quicklook */ = {
			isa = PBXNativeTarget;
			buildConfigurationList = AAAA000000000000AAAA000C /* Build configuration list for PBXNativeTarget "md-tool-quicklook" */;
			buildPhases = (
				AAAA000000000000AAAA0006 /* Sources */,
				AAAA000000000000AAAA0004 /* Frameworks */,
				AAAA000000000000AAAA0005 /* Resources */,
			);
			buildRules = (
			);
			dependencies = (
			);
			fileSystemSynchronizedGroups = (
				AAAA000000000000AAAA0002 /* md-tool-quicklook */,
			);
			name = "md-tool-quicklook";
			packageProductDependencies = (
				AAAA000000000000AAAA0009 /* Markdown */,
			);
			productName = "md-tool-quicklook";
			productReference = AAAA000000000000AAAA0001 /* md-tool-quicklook.appex */;
			productType = "com.apple.product-type.app-extension";
		};
		BBBB000000000000BBBB0007 /* md-tool-share */ = {
			isa = PBXNativeTarget;
			buildConfigurationList = BBBB000000000000BBBB000C /* Build configuration list for PBXNativeTarget "md-tool-share" */;
			buildPhases = (
				BBBB000000000000BBBB0006 /* Sources */,
				BBBB000000000000BBBB0004 /* Frameworks */,
				BBBB000000000000BBBB0005 /* Resources */,
			);
			buildRules = (
			);
			dependencies = (
			);
			fileSystemSynchronizedGroups = (
				BBBB000000000000BBBB0002 /* md-tool-share */,
			);
			name = "md-tool-share";
			packageProductDependencies = (
				BBBB000000000000BBBB0009 /* Markdown */,
			);
			productName = "md-tool-share";
			productReference = BBBB000000000000BBBB0001 /* md-tool-share.appex */;
			productType = "com.apple.product-type.app-extension";
		};
/* End PBXNativeTarget section */

/* Begin PBXProject section */
		3ADD45632F5C655E00ABBED1 /* Project object */ = {
			isa = PBXProject;
			attributes = {
				BuildIndependentTargetsInParallel = 1;
				LastSwiftUpdateCheck = 2630;
				LastUpgradeCheck = 2630;
				TargetAttributes = {
					3ADD456A2F5C655E00ABBED1 = {
						CreatedOnToolsVersion = 26.3;
					};
					3ADD45772F5C655F00ABBED1 = {
						CreatedOnToolsVersion = 26.3;
						TestTargetID = 3ADD456A2F5C655E00ABBED1;
					};
					3ADD45812F5C655F00ABBED1 = {
						CreatedOnToolsVersion = 26.3;
						TestTargetID = 3ADD456A2F5C655E00ABBED1;
					};
					AAAA000000000000AAAA0007 = {
						CreatedOnToolsVersion = 26.3;
					};
					BBBB000000000000BBBB0007 = {
						CreatedOnToolsVersion = 26.3;
					};
				};
			};
			buildConfigurationList = 3ADD45662F5C655E00ABBED1 /* Build configuration list for PBXProject "md-tool" */;
			developmentRegion = en;
			hasScannedForEncodings = 0;
			knownRegions = (
				en,
				Base,
			);
			mainGroup = 3ADD45622F5C655E00ABBED1;
			minimizedProjectReferenceProxies = 1;
			packageReferences = (
				3ADD45952F5C66F900ABBED1 /* XCRemoteSwiftPackageReference "swift-markdown" */,
			);
			preferredProjectObjectVersion = 77;
			productRefGroup = 3ADD456C2F5C655E00ABBED1 /* Products */;
			projectDirPath = "";
			projectRoot = "";
			targets = (
				3ADD456A2F5C655E00ABBED1 /* md-tool */,
				3ADD45772F5C655F00ABBED1 /* md-toolTests */,
				3ADD45812F5C655F00ABBED1 /* md-toolUITests */,
				AAAA000000000000AAAA0007 /* md-tool-quicklook */,
				BBBB000000000000BBBB0007 /* md-tool-share */,
			);
		};
/* End PBXProject section */

/* Begin PBXResourcesBuildPhase section */
		3ADD45692F5C655E00ABBED1 /* Resources */ = {
			isa = PBXResourcesBuildPhase;
			buildActionMask = 2147483647;
			files = (
			);
			runOnlyForDeploymentPostprocessing = 0;
		};
		3ADD45762F5C655F00ABBED1 /* Resources */ = {
			isa = PBXResourcesBuildPhase;
			buildActionMask = 2147483647;
			files = (
			);
			runOnlyForDeploymentPostprocessing = 0;
		};
		3ADD45802F5C655F00ABBED1 /* Resources */ = {
			isa = PBXResourcesBuildPhase;
			buildActionMask = 2147483647;
			files = (
			);
			runOnlyForDeploymentPostprocessing = 0;
		};
		AAAA000000000000AAAA0005 /* Resources */ = {
			isa = PBXResourcesBuildPhase;
			buildActionMask = 2147483647;
			files = (
			);
			runOnlyForDeploymentPostprocessing = 0;
		};
		BBBB000000000000BBBB0005 /* Resources */ = {
			isa = PBXResourcesBuildPhase;
			buildActionMask = 2147483647;
			files = (
			);
			runOnlyForDeploymentPostprocessing = 0;
		};
/* End PBXResourcesBuildPhase section */

/* Begin PBXSourcesBuildPhase section */
		3ADD45672F5C655E00ABBED1 /* Sources */ = {
			isa = PBXSourcesBuildPhase;
			buildActionMask = 2147483647;
			files = (
			);
			runOnlyForDeploymentPostprocessing = 0;
		};
		3ADD45742F5C655F00ABBED1 /* Sources */ = {
			isa = PBXSourcesBuildPhase;
			buildActionMask = 2147483647;
			files = (
			);
			runOnlyForDeploymentPostprocessing = 0;
		};
		3ADD457E2F5C655F00ABBED1 /* Sources */ = {
			isa = PBXSourcesBuildPhase;
			buildActionMask = 2147483647;
			files = (
			);
			runOnlyForDeploymentPostprocessing = 0;
		};
		AAAA000000000000AAAA0006 /* Sources */ = {
			isa = PBXSourcesBuildPhase;
			buildActionMask = 2147483647;
			files = (
			);
			runOnlyForDeploymentPostprocessing = 0;
		};
		BBBB000000000000BBBB0006 /* Sources */ = {
			isa = PBXSourcesBuildPhase;
			buildActionMask = 2147483647;
			files = (
			);
			runOnlyForDeploymentPostprocessing = 0;
		};
/* End PBXSourcesBuildPhase section */

/* Begin PBXTargetDependency section */
		3ADD457A2F5C655F00ABBED1 /* PBXTargetDependency */ = {
			isa = PBXTargetDependency;
			target = 3ADD456A2F5C655E00ABBED1 /* md-tool */;
			targetProxy = 3ADD45792F5C655F00ABBED1 /* PBXContainerItemProxy */;
		};
		3ADD45842F5C655F00ABBED1 /* PBXTargetDependency */ = {
			isa = PBXTargetDependency;
			target = 3ADD456A2F5C655E00ABBED1 /* md-tool */;
			targetProxy = 3ADD45832F5C655F00ABBED1 /* PBXContainerItemProxy */;
		};
		AAAA000000000000AAAA000E /* PBXTargetDependency */ = {
			isa = PBXTargetDependency;
			target = AAAA000000000000AAAA0007 /* md-tool-quicklook */;
			targetProxy = AAAA000000000000AAAA000D /* PBXContainerItemProxy */;
		};
		BBBB000000000000BBBB000E /* PBXTargetDependency */ = {
			isa = PBXTargetDependency;
			target = BBBB000000000000BBBB0007 /* md-tool-share */;
			targetProxy = BBBB000000000000BBBB000D /* PBXContainerItemProxy */;
		};
/* End PBXTargetDependency section */

/* Begin XCBuildConfiguration section */
		3ADD458A2F5C655F00ABBED1 /* Debug */ = {
			isa = XCBuildConfiguration;
			buildSettings = {
				ALWAYS_SEARCH_USER_PATHS = NO;
				ASSETCATALOG_COMPILER_GENERATE_SWIFT_ASSET_SYMBOL_EXTENSIONS = YES;
				CLANG_ANALYZER_NONNULL = YES;
				CLANG_ANALYZER_NUMBER_OBJECT_CONVERSION = YES_AGGRESSIVE;
				CLANG_CXX_LANGUAGE_STANDARD = "gnu++20";
				CLANG_ENABLE_MODULES = YES;
				CLANG_ENABLE_OBJC_ARC = YES;
				CLANG_ENABLE_OBJC_WEAK = YES;
				CLANG_WARN_BLOCK_CAPTURE_AUTORELEASING = YES;
				CLANG_WARN_BOOL_CONVERSION = YES;
				CLANG_WARN_COMMA = YES;
				CLANG_WARN_CONSTANT_CONVERSION = YES;
				CLANG_WARN_DEPRECATED_OBJC_IMPLEMENTATIONS = YES;
				CLANG_WARN_DIRECT_OBJC_ISA_USAGE = YES_ERROR;
				CLANG_WARN_DOCUMENTATION_COMMENTS = YES;
				CLANG_WARN_EMPTY_BODY = YES;
				CLANG_WARN_ENUM_CONVERSION = YES;
				CLANG_WARN_INFINITE_RECURSION = YES;
				CLANG_WARN_INT_CONVERSION = YES;
				CLANG_WARN_NON_LITERAL_NULL_CONVERSION = YES;
				CLANG_WARN_OBJC_IMPLICIT_RETAIN_SELF = YES;
				CLANG_WARN_OBJC_LITERAL_CONVERSION = YES;
				CLANG_WARN_OBJC_ROOT_CLASS = YES_ERROR;
				CLANG_WARN_QUOTED_INCLUDE_IN_FRAMEWORK_HEADER = YES;
				CLANG_WARN_RANGE_LOOP_ANALYSIS = YES;
				CLANG_WARN_STRICT_PROTOTYPES = YES;
				CLANG_WARN_SUSPICIOUS_MOVE = YES;
				CLANG_WARN_UNGUARDED_AVAILABILITY = YES_AGGRESSIVE;
				CLANG_WARN_UNREACHABLE_CODE = YES;
				CLANG_WARN__DUPLICATE_METHOD_MATCH = YES;
				COPY_PHASE_STRIP = NO;
				DEBUG_INFORMATION_FORMAT = dwarf;
				DEVELOPMENT_TEAM = T64BJU4M86;
				ENABLE_STRICT_OBJC_MSGSEND = YES;
				ENABLE_TESTABILITY = YES;
				ENABLE_USER_SCRIPT_SANDBOXING = YES;
				GCC_C_LANGUAGE_STANDARD = gnu17;
				GCC_DYNAMIC_NO_PIC = NO;
				GCC_NO_COMMON_BLOCKS = YES;
				GCC_OPTIMIZATION_LEVEL = 0;
				GCC_PREPROCESSOR_DEFINITIONS = (
					"DEBUG=1",
					"$(inherited)",
				);
				GCC_WARN_64_TO_32_BIT_CONVERSION = YES;
				GCC_WARN_ABOUT_RETURN_TYPE = YES_ERROR;
				GCC_WARN_UNDECLARED_SELECTOR = YES;
				GCC_WARN_UNINITIALIZED_AUTOS = YES_AGGRESSIVE;
				GCC_WARN_UNUSED_FUNCTION = YES;
				GCC_WARN_UNUSED_VARIABLE = YES;
				LOCALIZATION_PREFERS_STRING_CATALOGS = YES;
				MACOSX_DEPLOYMENT_TARGET = 26.2;
				MTL_ENABLE_DEBUG_INFO = INCLUDE_SOURCE;
				MTL_FAST_MATH = YES;
				ONLY_ACTIVE_ARCH = YES;
				SDKROOT = macosx;
				SWIFT_ACTIVE_COMPILATION_CONDITIONS = "DEBUG $(inherited)";
				SWIFT_OPTIMIZATION_LEVEL = "-Onone";
			};
			name = Debug;
		};
		3ADD458B2F5C655F00ABBED1 /* Release */ = {
			isa = XCBuildConfiguration;
			buildSettings = {
				ALWAYS_SEARCH_USER_PATHS = NO;
				ASSETCATALOG_COMPILER_GENERATE_SWIFT_ASSET_SYMBOL_EXTENSIONS = YES;
				CLANG_ANALYZER_NONNULL = YES;
				CLANG_ANALYZER_NUMBER_OBJECT_CONVERSION = YES_AGGRESSIVE;
				CLANG_CXX_LANGUAGE_STANDARD = "gnu++20";
				CLANG_ENABLE_MODULES = YES;
				CLANG_ENABLE_OBJC_ARC = YES;
				CLANG_ENABLE_OBJC_WEAK = YES;
				CLANG_WARN_BLOCK_CAPTURE_AUTORELEASING = YES;
				CLANG_WARN_BOOL_CONVERSION = YES;
				CLANG_WARN_COMMA = YES;
				CLANG_WARN_CONSTANT_CONVERSION = YES;
				CLANG_WARN_DEPRECATED_OBJC_IMPLEMENTATIONS = YES;
				CLANG_WARN_DIRECT_OBJC_ISA_USAGE = YES_ERROR;
				CLANG_WARN_DOCUMENTATION_COMMENTS = YES;
				CLANG_WARN_EMPTY_BODY = YES;
				CLANG_WARN_ENUM_CONVERSION = YES;
				CLANG_WARN_INFINITE_RECURSION = YES;
				CLANG_WARN_INT_CONVERSION = YES;
				CLANG_WARN_NON_LITERAL_NULL_CONVERSION = YES;
				CLANG_WARN_OBJC_IMPLICIT_RETAIN_SELF = YES;
				CLANG_WARN_OBJC_LITERAL_CONVERSION = YES;
				CLANG_WARN_OBJC_ROOT_CLASS = YES_ERROR;
				CLANG_WARN_QUOTED_INCLUDE_IN_FRAMEWORK_HEADER = YES;
				CLANG_WARN_RANGE_LOOP_ANALYSIS = YES;
				CLANG_WARN_STRICT_PROTOTYPES = YES;
				CLANG_WARN_SUSPICIOUS_MOVE = YES;
				CLANG_WARN_UNGUARDED_AVAILABILITY = YES_AGGRESSIVE;
				CLANG_WARN_UNREACHABLE_CODE = YES;
				CLANG_WARN__DUPLICATE_METHOD_MATCH = YES;
				COPY_PHASE_STRIP = NO;
				DEBUG_INFORMATION_FORMAT = "dwarf-with-dsym";
				DEVELOPMENT_TEAM = T64BJU4M86;
				ENABLE_NS_ASSERTIONS = NO;
				ENABLE_STRICT_OBJC_MSGSEND = YES;
				ENABLE_USER_SCRIPT_SANDBOXING = YES;
				GCC_C_LANGUAGE_STANDARD = gnu17;
				GCC_NO_COMMON_BLOCKS = YES;
				GCC_WARN_64_TO_32_BIT_CONVERSION = YES;
				GCC_WARN_ABOUT_RETURN_TYPE = YES_ERROR;
				GCC_WARN_UNDECLARED_SELECTOR = YES;
				GCC_WARN_UNINITIALIZED_AUTOS = YES_AGGRESSIVE;
				GCC_WARN_UNUSED_FUNCTION = YES;
				GCC_WARN_UNUSED_VARIABLE = YES;
				LOCALIZATION_PREFERS_STRING_CATALOGS = YES;
				MACOSX_DEPLOYMENT_TARGET = 26.2;
				MTL_ENABLE_DEBUG_INFO = NO;
				MTL_FAST_MATH = YES;
				SDKROOT = macosx;
				SWIFT_COMPILATION_MODE = wholemodule;
			};
			name = Release;
		};
		3ADD458D2F5C655F00ABBED1 /* Debug */ = {
			isa = XCBuildConfiguration;
			buildSettings = {
				ASSETCATALOG_COMPILER_APPICON_NAME = AppIcon;
				ASSETCATALOG_COMPILER_GLOBAL_ACCENT_COLOR_NAME = AccentColor;
				CODE_SIGN_STYLE = Automatic;
				COMBINE_HIDPI_IMAGES = YES;
				CURRENT_PROJECT_VERSION = 1;
				DEVELOPMENT_TEAM = T64BJU4M86;
				ENABLE_APP_SANDBOX = NO;
				ENABLE_HARDENED_RUNTIME = YES;
				ENABLE_PREVIEWS = YES;
				GENERATE_INFOPLIST_FILE = YES;
				INFOPLIST_FILE = "md-tool/Info.plist";
				INFOPLIST_KEY_NSHumanReadableCopyright = "";
				LD_RUNPATH_SEARCH_PATHS = (
					"$(inherited)",
					"@executable_path/../Frameworks",
				);
				MARKETING_VERSION = 1.0;
				PRODUCT_BUNDLE_IDENTIFIER = com.susumu.nomad;
				PRODUCT_NAME = Nomad;
				REGISTER_APP_GROUPS = YES;
				STRING_CATALOG_GENERATE_SYMBOLS = YES;
				SWIFT_APPROACHABLE_CONCURRENCY = YES;
				SWIFT_DEFAULT_ACTOR_ISOLATION = MainActor;
				SWIFT_EMIT_LOC_STRINGS = YES;
				SWIFT_UPCOMING_FEATURE_MEMBER_IMPORT_VISIBILITY = YES;
				SWIFT_VERSION = 5.0;
			};
			name = Debug;
		};
		3ADD458E2F5C655F00ABBED1 /* Release */ = {
			isa = XCBuildConfiguration;
			buildSettings = {
				ASSETCATALOG_COMPILER_APPICON_NAME = AppIcon;
				ASSETCATALOG_COMPILER_GLOBAL_ACCENT_COLOR_NAME = AccentColor;
				CODE_SIGN_STYLE = Automatic;
				COMBINE_HIDPI_IMAGES = YES;
				CURRENT_PROJECT_VERSION = 1;
				DEVELOPMENT_TEAM = T64BJU4M86;
				ENABLE_APP_SANDBOX = NO;
				ENABLE_HARDENED_RUNTIME = YES;
				ENABLE_PREVIEWS = YES;
				GENERATE_INFOPLIST_FILE = YES;
				INFOPLIST_FILE = "md-tool/Info.plist";
				INFOPLIST_KEY_NSHumanReadableCopyright = "";
				LD_RUNPATH_SEARCH_PATHS = (
					"$(inherited)",
					"@executable_path/../Frameworks",
				);
				MARKETING_VERSION = 1.0;
				PRODUCT_BUNDLE_IDENTIFIER = com.susumu.nomad;
				PRODUCT_NAME = Nomad;
				REGISTER_APP_GROUPS = YES;
				STRING_CATALOG_GENERATE_SYMBOLS = YES;
				SWIFT_APPROACHABLE_CONCURRENCY = YES;
				SWIFT_DEFAULT_ACTOR_ISOLATION = MainActor;
				SWIFT_EMIT_LOC_STRINGS = YES;
				SWIFT_UPCOMING_FEATURE_MEMBER_IMPORT_VISIBILITY = YES;
				SWIFT_VERSION = 5.0;
			};
			name = Release;
		};
		3ADD45902F5C655F00ABBED1 /* Debug */ = {
			isa = XCBuildConfiguration;
			buildSettings = {
				BUNDLE_LOADER = "$(TEST_HOST)";
				CODE_SIGN_STYLE = Automatic;
				CURRENT_PROJECT_VERSION = 1;
				DEVELOPMENT_TEAM = T64BJU4M86;
				GENERATE_INFOPLIST_FILE = YES;
				MACOSX_DEPLOYMENT_TARGET = 26.2;
				MARKETING_VERSION = 1.0;
				PRODUCT_BUNDLE_IDENTIFIER = com.susumu.nomadTests;
				PRODUCT_NAME = "$(TARGET_NAME)";
				STRING_CATALOG_GENERATE_SYMBOLS = NO;
				SWIFT_APPROACHABLE_CONCURRENCY = YES;
				SWIFT_EMIT_LOC_STRINGS = NO;
				SWIFT_UPCOMING_FEATURE_MEMBER_IMPORT_VISIBILITY = YES;
				SWIFT_VERSION = 5.0;
				TEST_HOST = "$(BUILT_PRODUCTS_DIR)/Nomad.app/$(BUNDLE_EXECUTABLE_FOLDER_PATH)/Nomad";
			};
			name = Debug;
		};
		3ADD45912F5C655F00ABBED1 /* Release */ = {
			isa = XCBuildConfiguration;
			buildSettings = {
				BUNDLE_LOADER = "$(TEST_HOST)";
				CODE_SIGN_STYLE = Automatic;
				CURRENT_PROJECT_VERSION = 1;
				DEVELOPMENT_TEAM = T64BJU4M86;
				GENERATE_INFOPLIST_FILE = YES;
				MACOSX_DEPLOYMENT_TARGET = 26.2;
				MARKETING_VERSION = 1.0;
				PRODUCT_BUNDLE_IDENTIFIER = com.susumu.nomadTests;
				PRODUCT_NAME = "$(TARGET_NAME)";
				STRING_CATALOG_GENERATE_SYMBOLS = NO;
				SWIFT_APPROACHABLE_CONCURRENCY = YES;
				SWIFT_EMIT_LOC_STRINGS = NO;
				SWIFT_UPCOMING_FEATURE_MEMBER_IMPORT_VISIBILITY = YES;
				SWIFT_VERSION = 5.0;
				TEST_HOST = "$(BUILT_PRODUCTS_DIR)/Nomad.app/$(BUNDLE_EXECUTABLE_FOLDER_PATH)/Nomad";
			};
			name = Release;
		};
		3ADD45932F5C655F00ABBED1 /* Debug */ = {
			isa = XCBuildConfiguration;
			buildSettings = {
				CODE_SIGN_STYLE = Automatic;
				CURRENT_PROJECT_VERSION = 1;
				DEVELOPMENT_TEAM = T64BJU4M86;
				GENERATE_INFOPLIST_FILE = YES;
				MARKETING_VERSION = 1.0;
				PRODUCT_BUNDLE_IDENTIFIER = com.susumu.nomadUITests;
				PRODUCT_NAME = "$(TARGET_NAME)";
				STRING_CATALOG_GENERATE_SYMBOLS = NO;
				SWIFT_APPROACHABLE_CONCURRENCY = YES;
				SWIFT_EMIT_LOC_STRINGS = NO;
				SWIFT_UPCOMING_FEATURE_MEMBER_IMPORT_VISIBILITY = YES;
				SWIFT_VERSION = 5.0;
				TEST_TARGET_NAME = "md-tool";
			};
			name = Debug;
		};
		3ADD45942F5C655F00ABBED1 /* Release */ = {
			isa = XCBuildConfiguration;
			buildSettings = {
				CODE_SIGN_STYLE = Automatic;
				CURRENT_PROJECT_VERSION = 1;
				DEVELOPMENT_TEAM = T64BJU4M86;
				GENERATE_INFOPLIST_FILE = YES;
				MARKETING_VERSION = 1.0;
				PRODUCT_BUNDLE_IDENTIFIER = com.susumu.nomadUITests;
				PRODUCT_NAME = "$(TARGET_NAME)";
				STRING_CATALOG_GENERATE_SYMBOLS = NO;
				SWIFT_APPROACHABLE_CONCURRENCY = YES;
				SWIFT_EMIT_LOC_STRINGS = NO;
				SWIFT_UPCOMING_FEATURE_MEMBER_IMPORT_VISIBILITY = YES;
				SWIFT_VERSION = 5.0;
				TEST_TARGET_NAME = "md-tool";
			};
			name = Release;
		};
		AAAA000000000000AAAA000A /* Debug */ = {
			isa = XCBuildConfiguration;
			buildSettings = {
				CODE_SIGN_ENTITLEMENTS = "md-tool-quicklook/md-tool-quicklook.entitlements";
				CODE_SIGN_STYLE = Automatic;
				CURRENT_PROJECT_VERSION = 1;
				DEVELOPMENT_TEAM = T64BJU4M86;
				ENABLE_APP_SANDBOX = YES;
				GENERATE_INFOPLIST_FILE = YES;
				INFOPLIST_FILE = "md-tool-quicklook/Info.plist";
				LD_RUNPATH_SEARCH_PATHS = (
					"$(inherited)",
					"@executable_path/../Frameworks",
					"@executable_path/../../../../Frameworks",
				);
				MACOSX_DEPLOYMENT_TARGET = 26.2;
				MARKETING_VERSION = 1.0;
				PRODUCT_BUNDLE_IDENTIFIER = com.susumu.nomad.quicklook;
				PRODUCT_NAME = "$(TARGET_NAME)";
				SKIP_INSTALL = YES;
				SWIFT_APPROACHABLE_CONCURRENCY = YES;
				SWIFT_DEFAULT_ACTOR_ISOLATION = MainActor;
				SWIFT_EMIT_LOC_STRINGS = YES;
				SWIFT_UPCOMING_FEATURE_MEMBER_IMPORT_VISIBILITY = YES;
				SWIFT_VERSION = 5.0;
			};
			name = Debug;
		};
		AAAA000000000000AAAA000B /* Release */ = {
			isa = XCBuildConfiguration;
			buildSettings = {
				CODE_SIGN_ENTITLEMENTS = "md-tool-quicklook/md-tool-quicklook.entitlements";
				CODE_SIGN_STYLE = Automatic;
				CURRENT_PROJECT_VERSION = 1;
				DEVELOPMENT_TEAM = T64BJU4M86;
				ENABLE_APP_SANDBOX = YES;
				GENERATE_INFOPLIST_FILE = YES;
				INFOPLIST_FILE = "md-tool-quicklook/Info.plist";
				LD_RUNPATH_SEARCH_PATHS = (
					"$(inherited)",
					"@executable_path/../Frameworks",
					"@executable_path/../../../../Frameworks",
				);
				MACOSX_DEPLOYMENT_TARGET = 26.2;
				MARKETING_VERSION = 1.0;
				PRODUCT_BUNDLE_IDENTIFIER = com.susumu.nomad.quicklook;
				PRODUCT_NAME = "$(TARGET_NAME)";
				SKIP_INSTALL = YES;
				SWIFT_APPROACHABLE_CONCURRENCY = YES;
				SWIFT_DEFAULT_ACTOR_ISOLATION = MainActor;
				SWIFT_EMIT_LOC_STRINGS = YES;
				SWIFT_UPCOMING_FEATURE_MEMBER_IMPORT_VISIBILITY = YES;
				SWIFT_VERSION = 5.0;
			};
			name = Release;
		};
		BBBB000000000000BBBB000A /* Debug */ = {
			isa = XCBuildConfiguration;
			buildSettings = {
				CODE_SIGN_ENTITLEMENTS = "md-tool-share/md-tool-share.entitlements";
				CODE_SIGN_STYLE = Automatic;
				CURRENT_PROJECT_VERSION = 1;
				DEVELOPMENT_TEAM = T64BJU4M86;
				ENABLE_APP_SANDBOX = YES;
				GENERATE_INFOPLIST_FILE = YES;
				INFOPLIST_FILE = "md-tool-share/Info.plist";
				LD_RUNPATH_SEARCH_PATHS = (
					"$(inherited)",
					"@executable_path/../Frameworks",
					"@executable_path/../../../../Frameworks",
				);
				MACOSX_DEPLOYMENT_TARGET = 26.2;
				MARKETING_VERSION = 1.0;
				PRODUCT_BUNDLE_IDENTIFIER = com.susumu.nomad.share;
				PRODUCT_NAME = "$(TARGET_NAME)";
				SKIP_INSTALL = YES;
				SWIFT_APPROACHABLE_CONCURRENCY = YES;
				SWIFT_DEFAULT_ACTOR_ISOLATION = MainActor;
				SWIFT_EMIT_LOC_STRINGS = YES;
				SWIFT_UPCOMING_FEATURE_MEMBER_IMPORT_VISIBILITY = YES;
				SWIFT_VERSION = 5.0;
			};
			name = Debug;
		};
		BBBB000000000000BBBB000B /* Release */ = {
			isa = XCBuildConfiguration;
			buildSettings = {
				CODE_SIGN_ENTITLEMENTS = "md-tool-share/md-tool-share.entitlements";
				CODE_SIGN_STYLE = Automatic;
				CURRENT_PROJECT_VERSION = 1;
				DEVELOPMENT_TEAM = T64BJU4M86;
				ENABLE_APP_SANDBOX = YES;
				GENERATE_INFOPLIST_FILE = YES;
				INFOPLIST_FILE = "md-tool-share/Info.plist";
				LD_RUNPATH_SEARCH_PATHS = (
					"$(inherited)",
					"@executable_path/../Frameworks",
					"@executable_path/../../../../Frameworks",
				);
				MACOSX_DEPLOYMENT_TARGET = 26.2;
				MARKETING_VERSION = 1.0;
				PRODUCT_BUNDLE_IDENTIFIER = com.susumu.nomad.share;
				PRODUCT_NAME = "$(TARGET_NAME)";
				SKIP_INSTALL = YES;
				SWIFT_APPROACHABLE_CONCURRENCY = YES;
				SWIFT_DEFAULT_ACTOR_ISOLATION = MainActor;
				SWIFT_EMIT_LOC_STRINGS = YES;
				SWIFT_UPCOMING_FEATURE_MEMBER_IMPORT_VISIBILITY = YES;
				SWIFT_VERSION = 5.0;
			};
			name = Release;
		};
/* End XCBuildConfiguration section */

/* Begin XCConfigurationList section */
		3ADD45662F5C655E00ABBED1 /* Build configuration list for PBXProject "md-tool" */ = {
			isa = XCConfigurationList;
			buildConfigurations = (
				3ADD458A2F5C655F00ABBED1 /* Debug */,
				3ADD458B2F5C655F00ABBED1 /* Release */,
			);
			defaultConfigurationIsVisible = 0;
			defaultConfigurationName = Release;
		};
		3ADD458C2F5C655F00ABBED1 /* Build configuration list for PBXNativeTarget "md-tool" */ = {
			isa = XCConfigurationList;
			buildConfigurations = (
				3ADD458D2F5C655F00ABBED1 /* Debug */,
				3ADD458E2F5C655F00ABBED1 /* Release */,
			);
			defaultConfigurationIsVisible = 0;
			defaultConfigurationName = Release;
		};
		3ADD458F2F5C655F00ABBED1 /* Build configuration list for PBXNativeTarget "md-toolTests" */ = {
			isa = XCConfigurationList;
			buildConfigurations = (
				3ADD45902F5C655F00ABBED1 /* Debug */,
				3ADD45912F5C655F00ABBED1 /* Release */,
			);
			defaultConfigurationIsVisible = 0;
			defaultConfigurationName = Release;
		};
		3ADD45922F5C655F00ABBED1 /* Build configuration list for PBXNativeTarget "md-toolUITests" */ = {
			isa = XCConfigurationList;
			buildConfigurations = (
				3ADD45932F5C655F00ABBED1 /* Debug */,
				3ADD45942F5C655F00ABBED1 /* Release */,
			);
			defaultConfigurationIsVisible = 0;
			defaultConfigurationName = Release;
		};
		AAAA000000000000AAAA000C /* Build configuration list for PBXNativeTarget "md-tool-quicklook" */ = {
			isa = XCConfigurationList;
			buildConfigurations = (
				AAAA000000000000AAAA000A /* Debug */,
				AAAA000000000000AAAA000B /* Release */,
			);
			defaultConfigurationIsVisible = 0;
			defaultConfigurationName = Release;
		};
		BBBB000000000000BBBB000C /* Build configuration list for PBXNativeTarget "md-tool-share" */ = {
			isa = XCConfigurationList;
			buildConfigurations = (
				BBBB000000000000BBBB000A /* Debug */,
				BBBB000000000000BBBB000B /* Release */,
			);
			defaultConfigurationIsVisible = 0;
			defaultConfigurationName = Release;
		};
/* End XCConfigurationList section */

/* Begin XCRemoteSwiftPackageReference section */
		3ADD45952F5C66F900ABBED1 /* XCRemoteSwiftPackageReference "swift-markdown" */ = {
			isa = XCRemoteSwiftPackageReference;
			repositoryURL = "https://github.com/swiftlang/swift-markdown.git";
			requirement = {
				branch = main;
				kind = branch;
			};
		};
/* End XCRemoteSwiftPackageReference section */

/* Begin XCSwiftPackageProductDependency section */
		3ADD45A02F5C700000ABBED1 /* Markdown */ = {
			isa = XCSwiftPackageProductDependency;
			package = 3ADD45952F5C66F900ABBED1 /* XCRemoteSwiftPackageReference "swift-markdown" */;
			productName = Markdown;
		};
		AAAA000000000000AAAA0009 /* Markdown */ = {
			isa = XCSwiftPackageProductDependency;
			package = 3ADD45952F5C66F900ABBED1 /* XCRemoteSwiftPackageReference "swift-markdown" */;
			productName = Markdown;
		};
		BBBB000000000000BBBB0009 /* Markdown */ = {
			isa = XCSwiftPackageProductDependency;
			package = 3ADD45952F5C66F900ABBED1 /* XCRemoteSwiftPackageReference "swift-markdown" */;
			productName = Markdown;
		};
/* End XCSwiftPackageProductDependency section */
	};
	rootObject = 3ADD45632F5C655E00ABBED1 /* Project object */;
}
